
Microsoft Visual Studio Solution File, Format Version 12.00
# Visual Studio 14
VisualStudioVersion = 14.0.25420.1
MinimumVisualStudioVersion = 10.0.40219.1
Project("{FAE04EC0-301F-11D3-BF4B-00C04F79EFBC}") = "LifeManagement", "LifeManagement\LifeManagement.csproj", "{4EC59FBE-29CE-4650-9B1F-DF7934D284B6}"
EndProject
Project("{2150E333-8FDC-42A3-9474-1A3956D46DE8}") = "Documents", "Documents", "{32C42D40-24BA-4AFE-8ADB-8472919B5328}"
EndProject
Project("{2150E333-8FDC-42A3-9474-1A3956D46DE8}") = "Posters", "Posters", "{146CC868-6571-4EAC-B3DF-73089FD43258}"
EndProject
Project("{2150E333-8FDC-42A3-9474-1A3956D46DE8}") = "Presentation Slides", "Presentation Slides", "{1507FBCA-ECE4-4277-AD48-3E9B5429342A}"
EndProject
Project("{2150E333-8FDC-42A3-9474-1A3956D46DE8}") = "Videos", "Videos", "{819E784D-D0DC-4E05-9B54-1238D8BB6CB9}"
EndProject
Project("{2150E333-8FDC-42A3-9474-1A3956D46DE8}") = "Code", "Code", "{836E5DA0-D43C-42E1-B7D4-CB50671B4E40}"
EndProject
Project("{2150E333-8FDC-42A3-9474-1A3956D46DE8}") = "Database", "Database", "{DE50ADD3-9705-4D94-9833-50A186009024}"
EndProject
Project("{2150E333-8FDC-42A3-9474-1A3956D46DE8}") = "Website", "Website", "{E6415901-41B5-44ED-9B7D-AF416C22B92E}"
EndProject
Global
	GlobalSection(SolutionConfigurationPlatforms) = preSolution
		Debug|Any CPU = Debug|Any CPU
		Release|Any CPU = Release|Any CPU
	EndGlobalSection
	GlobalSection(ProjectConfigurationPlatforms) = postSolution
		{4EC59FBE-29CE-4650-9B1F-DF7934D284B6}.Debug|Any CPU.ActiveCfg = Debug|Any CPU
		{4EC59FBE-29CE-4650-9B1F-DF7934D284B6}.Debug|Any CPU.Build.0 = Debug|Any CPU
		{4EC59FBE-29CE-4650-9B1F-DF7934D284B6}.Release|Any CPU.ActiveCfg = Release|Any CPU
		{4EC59FBE-29CE-4650-9B1F-DF7934D284B6}.Release|Any CPU.Build.0 = Release|Any CPU
	EndGlobalSection
	GlobalSection(SolutionProperties) = preSolution
		HideSolutionNode = FALSE
	EndGlobalSection
	GlobalSection(NestedProjects) = preSolution
		{4EC59FBE-29CE-4650-9B1F-DF7934D284B6} = {E6415901-41B5-44ED-9B7D-AF416C22B92E}
		{DE50ADD3-9705-4D94-9833-50A186009024} = {836E5DA0-D43C-42E1-B7D4-CB50671B4E40}
		{E6415901-41B5-44ED-9B7D-AF416C22B92E} = {836E5DA0-D43C-42E1-B7D4-CB50671B4E40}
	EndGlobalSection
EndGlobal
